
Microsoft Visual Studio Solution File, Format Version 12.00
# Visual Studio Version 16
VisualStudioVersion = 16.0.28803.202
MinimumVisualStudioVersion = 10.0.40219.1
Project("{9A19103F-16F7-4668-BE54-9A1E7A4F7556}") = "Syllabus.Web", "Syllabus.Web\Syllabus.Web.csproj", "{8BF3424C-F8DE-47A2-A1E5-04453807AC6A}"
EndProject
Project("{9A19103F-16F7-4668-BE54-9A1E7A4F7556}") = "RSS.Providers.Canvas", "RSS.Providers.Canvas\RSS.Providers.Canvas.csproj", "{F8AFFB35-3075-4B78-800E-C6E49053EA58}"
EndProject
Global
	GlobalSection(SolutionConfigurationPlatforms) = preSolution
		Debug|Any CPU = Debug|Any CPU
		Release|Any CPU = Release|Any CPU
	EndGlobalSection
	GlobalSection(ProjectConfigurationPlatforms) = postSolution
		{8BF3424C-F8DE-47A2-A1E5-04453807AC6A}.Debug|Any CPU.ActiveCfg = Debug|Any CPU
		{8BF3424C-F8DE-47A2-A1E5-04453807AC6A}.Debug|Any CPU.Build.0 = Debug|Any CPU
		{8BF3424C-F8DE-47A2-A1E5-04453807AC6A}.Release|Any CPU.ActiveCfg = Release|Any CPU
		{8BF3424C-F8DE-47A2-A1E5-04453807AC6A}.Release|Any CPU.Build.0 = Release|Any CPU
		{F8AFFB35-3075-4B78-800E-C6E49053EA58}.Debug|Any CPU.ActiveCfg = Debug|Any CPU
		{F8AFFB35-3075-4B78-800E-C6E49053EA58}.Debug|Any CPU.Build.0 = Debug|Any CPU
		{F8AFFB35-3075-4B78-800E-C6E49053EA58}.Release|Any CPU.ActiveCfg = Release|Any CPU
		{F8AFFB35-3075-4B78-800E-C6E49053EA58}.Release|Any CPU.Build.0 = Release|Any CPU
	EndGlobalSection
	GlobalSection(SolutionProperties) = preSolution
		HideSolutionNode = FALSE
	EndGlobalSection
	GlobalSection(ExtensibilityGlobals) = postSolution
		SolutionGuid = {C1571CF1-FB5C-4D88-A48A-5F100BE9919B}
	EndGlobalSection
EndGlobal
